
Microsoft Visual Studio Solution File, Format Version 12.00
# Visual Studio Version 16
VisualStudioVersion = 16.0.31702.278
MinimumVisualStudioVersion = 10.0.40219.1
Project("{FAE04EC0-301F-11D3-BF4B-00C04F79EFBC}") = "Google ToDo", "Google ToDo.csproj", "{3FE5E74E-7C95-4215-924D-636C3618682B}"
EndProject
Global
	GlobalSection(SolutionConfigurationPlatforms) = preSolution
		Debug|Any CPU = Debug|Any CPU
		Release|Any CPU = Release|Any CPU
	EndGlobalSection
	GlobalSection(ProjectConfigurationPlatforms) = postSolution
		{3FE5E74E-7C95-4215-924D-636C3618682B}.Debug|Any CPU.ActiveCfg = Debug|Any CPU
		{3FE5E74E-7C95-4215-924D-636C3618682B}.Debug|Any CPU.Build.0 = Debug|Any CPU
		{3FE5E74E-7C95-4215-924D-636C3618682B}.Release|Any CPU.ActiveCfg = Release|Any CPU
		{3FE5E74E-7C95-4215-924D-636C3618682B}.Release|Any CPU.Build.0 = Release|Any CPU
	EndGlobalSection
	GlobalSection(SolutionProperties) = preSolution
		HideSolutionNode = FALSE
	EndGlobalSection
	GlobalSection(ExtensibilityGlobals) = postSolution
		SolutionGuid = {3D578B91-52D3-472D-92D4-8F4D1B1FC1FD}
	EndGlobalSection
EndGlobal
